{
  "version": 4,
  "terraform_version": "1.7.5",
  "serial": 24,
  "lineage": "746ff138-0dd3-0d00-29db-ac1800fa0043",
  "outputs": {},
  "resources": [
    {
      "mode": "managed",
      "type": "yandex_compute_instance",
      "name": "myUbuntu",
      "provider": "provider[\"registry.terraform.io/yandex-cloud/yandex\"]",
      "instances": [
        {
          "index_key": 0,
          "schema_version": 1,
          "attributes": {
            "allow_recreate": null,
            "allow_stopping_for_update": null,
            "boot_disk": [
              {
                "auto_delete": true,
                "device_name": "fhmnkt0s7ej8h2no7tef",
                "disk_id": "fhmnkt0s7ej8h2no7tef",
                "initialize_params": [
                  {
                    "block_size": 4096,
                    "description": "",
                    "image_id": "fd8l45jhe4nvt0ih7h2e",
                    "name": "",
                    "size": 10,
                    "snapshot_id": "",
                    "type": "network-hdd"
                  }
                ],
                "mode": "READ_WRITE"
              }
            ],
            "created_at": "2024-04-12T13:29:34Z",
            "description": "",
            "filesystem": [],
            "folder_id": "b1g8kbqq92bvsk3h7i1u",
            "fqdn": "fhm6tapegrtql7td6mpr.auto.internal",
            "gpu_cluster_id": "",
            "hostname": "",
            "id": "fhm6tapegrtql7td6mpr",
            "labels": null,
            "local_disk": [],
            "maintenance_grace_period": "",
            "maintenance_policy": "restart",
            "metadata": {
              "foo": "bar",
              "name": "Ubuntu",
              "ssh-keys": "ubuntu:ssh-rsa AAAAB3NzaC1yc2EAAAADAQABAAABgQCdRlA9pbEqSHzQyhwk8DRvO5EwRisif3WNARIC3GOn/pU9K6/XSXykln6+hxSkK2MIqmRh6ExvOhVXlhAZ+TrTMFX6ltQ5bz/owCVN7XlZe8azNUZvQlmCQ7aexaWEhmWbseEiApPk7ZfQZWjdPavo4NyS2hgsDEii30+zxZ5N9xFLRcr1lpNVTQIb8n8ya/V4shzKOmHGEidm+TbPu0ylaCAYgvmI5AMW9PzCa7ZyB+hNsdMipj/wpzh8+/JDT8xQvokzHoKodj+2dCkYn8sUdiKHWz3FXfEmEftWJhoeuMITgwEuSAD+D4mlzBPdm2t+r0itO+UmGahP8yltcGfhW98/EGw8iJoaiFg9B9ZTG5y21D1F7tto5apTFctvFLQXwD9/njZT60bpo+tf1bcbq/00B8SSwcYMrB1hYqb0zn3xnrPQVMRLtrhIKKS5escdvxxEY8WxZJY0Gab4BNwMUW4Oddui80aaF+D3nno7IAI/CF/d81h+E6bKlhMQmkk= ilya@ilya-VirtualBox\n"
            },
            "metadata_options": [
              {
                "aws_v1_http_endpoint": 1,
                "aws_v1_http_token": 2,
                "gce_http_endpoint": 1,
                "gce_http_token": 1
              }
            ],
            "name": "",
            "network_acceleration_type": "standard",
            "network_interface": [
              {
                "dns_record": [],
                "index": 0,
                "ip_address": "10.128.0.28",
                "ipv4": true,
                "ipv6": false,
                "ipv6_address": "",
                "ipv6_dns_record": [],
                "mac_address": "d0:0d:6e:ab:2e:86",
                "nat": false,
                "nat_dns_record": [],
                "nat_ip_address": "",
                "nat_ip_version": "",
                "security_group_ids": [],
                "subnet_id": "e9berr3calqh9d4rpkcb"
              }
            ],
            "placement_policy": [
              {
                "host_affinity_rules": [],
                "placement_group_id": "",
                "placement_group_partition": 0
              }
            ],
            "platform_id": "standard-v1",
            "resources": [
              {
                "core_fraction": 5,
                "cores": 2,
                "gpus": 0,
                "memory": 1
              }
            ],
            "scheduling_policy": [
              {
                "preemptible": true
              }
            ],
            "secondary_disk": [],
            "service_account_id": "",
            "status": "running",
            "timeouts": null,
            "zone": "ru-central1-a"
          },
          "sensitive_attributes": [],
          "private": "eyJlMmJmYjczMC1lY2FhLTExZTYtOGY4OC0zNDM2M2JjN2M0YzAiOnsiY3JlYXRlIjozMDAwMDAwMDAwMDAsImRlbGV0ZSI6MzAwMDAwMDAwMDAwLCJ1cGRhdGUiOjMwMDAwMDAwMDAwMH0sInNjaGVtYV92ZXJzaW9uIjoiMSJ9"
        },
        {
          "index_key": 1,
          "schema_version": 1,
          "attributes": {
            "allow_recreate": null,
            "allow_stopping_for_update": null,
            "boot_disk": [
              {
                "auto_delete": true,
                "device_name": "fhmvc5ccmnm379d201t1",
                "disk_id": "fhmvc5ccmnm379d201t1",
                "initialize_params": [
                  {
                    "block_size": 4096,
                    "description": "",
                    "image_id": "fd8l45jhe4nvt0ih7h2e",
                    "name": "",
                    "size": 10,
                    "snapshot_id": "",
                    "type": "network-hdd"
                  }
                ],
                "mode": "READ_WRITE"
              }
            ],
            "created_at": "2024-04-12T13:29:34Z",
            "description": "",
            "filesystem": [],
            "folder_id": "b1g8kbqq92bvsk3h7i1u",
            "fqdn": "fhml1nq47tpiv569b3ne.auto.internal",
            "gpu_cluster_id": "",
            "hostname": "",
            "id": "fhml1nq47tpiv569b3ne",
            "labels": null,
            "local_disk": [],
            "maintenance_grace_period": "",
            "maintenance_policy": "restart",
            "metadata": {
              "foo": "bar",
              "name": "Ubuntu",
              "ssh-keys": "ubuntu:ssh-rsa AAAAB3NzaC1yc2EAAAADAQABAAABgQCdRlA9pbEqSHzQyhwk8DRvO5EwRisif3WNARIC3GOn/pU9K6/XSXykln6+hxSkK2MIqmRh6ExvOhVXlhAZ+TrTMFX6ltQ5bz/owCVN7XlZe8azNUZvQlmCQ7aexaWEhmWbseEiApPk7ZfQZWjdPavo4NyS2hgsDEii30+zxZ5N9xFLRcr1lpNVTQIb8n8ya/V4shzKOmHGEidm+TbPu0ylaCAYgvmI5AMW9PzCa7ZyB+hNsdMipj/wpzh8+/JDT8xQvokzHoKodj+2dCkYn8sUdiKHWz3FXfEmEftWJhoeuMITgwEuSAD+D4mlzBPdm2t+r0itO+UmGahP8yltcGfhW98/EGw8iJoaiFg9B9ZTG5y21D1F7tto5apTFctvFLQXwD9/njZT60bpo+tf1bcbq/00B8SSwcYMrB1hYqb0zn3xnrPQVMRLtrhIKKS5escdvxxEY8WxZJY0Gab4BNwMUW4Oddui80aaF+D3nno7IAI/CF/d81h+E6bKlhMQmkk= ilya@ilya-VirtualBox\n"
            },
            "metadata_options": [
              {
                "aws_v1_http_endpoint": 1,
                "aws_v1_http_token": 2,
                "gce_http_endpoint": 1,
                "gce_http_token": 1
              }
            ],
            "name": "",
            "network_acceleration_type": "standard",
            "network_interface": [
              {
                "dns_record": [],
                "index": 0,
                "ip_address": "10.128.0.24",
                "ipv4": true,
                "ipv6": false,
                "ipv6_address": "",
                "ipv6_dns_record": [],
                "mac_address": "d0:0d:15:0d:f4:43",
                "nat": false,
                "nat_dns_record": [],
                "nat_ip_address": "",
                "nat_ip_version": "",
                "security_group_ids": [],
                "subnet_id": "e9berr3calqh9d4rpkcb"
              }
            ],
            "placement_policy": [
              {
                "host_affinity_rules": [],
                "placement_group_id": "",
                "placement_group_partition": 0
              }
            ],
            "platform_id": "standard-v1",
            "resources": [
              {
                "core_fraction": 5,
                "cores": 2,
                "gpus": 0,
                "memory": 1
              }
            ],
            "scheduling_policy": [
              {
                "preemptible": true
              }
            ],
            "secondary_disk": [],
            "service_account_id": "",
            "status": "running",
            "timeouts": null,
            "zone": "ru-central1-a"
          },
          "sensitive_attributes": [],
          "private": "eyJlMmJmYjczMC1lY2FhLTExZTYtOGY4OC0zNDM2M2JjN2M0YzAiOnsiY3JlYXRlIjozMDAwMDAwMDAwMDAsImRlbGV0ZSI6MzAwMDAwMDAwMDAwLCJ1cGRhdGUiOjMwMDAwMDAwMDAwMH0sInNjaGVtYV92ZXJzaW9uIjoiMSJ9"
        }
      ]
    }
  ],
  "check_results": null
}
