{
  "version": 4,
  "terraform_version": "1.7.5",
  "serial": 41,
  "lineage": "5b28e94e-464d-ec3f-6b16-2a79c4e39a0e",
  "outputs": {
    "site_name": {
      "value": "tf-test-bucket-from-ilya.website.yandexcloud.net",
      "type": "string"
    }
  },
  "resources": [
    {
      "mode": "managed",
      "type": "yandex_iam_service_account",
      "name": "sa",
      "provider": "provider[\"registry.terraform.io/yandex-cloud/yandex\"]",
      "instances": [
        {
          "schema_version": 0,
          "attributes": {
            "created_at": "2024-04-11T23:52:59Z",
            "description": "",
            "folder_id": "b1g8kbqq92bvsk3h7i1u",
            "id": "ajefpo3d6jt2kq11d0as",
            "name": "tf-test-sa",
            "timeouts": null
          },
          "sensitive_attributes": [],
          "private": "eyJlMmJmYjczMC1lY2FhLTExZTYtOGY4OC0zNDM2M2JjN2M0YzAiOnsiY3JlYXRlIjo2MDAwMDAwMDAwMCwiZGVsZXRlIjo2MDAwMDAwMDAwMCwidXBkYXRlIjo2MDAwMDAwMDAwMH19"
        }
      ]
    },
    {
      "mode": "managed",
      "type": "yandex_iam_service_account_static_access_key",
      "name": "sa-static-key",
      "provider": "provider[\"registry.terraform.io/yandex-cloud/yandex\"]",
      "instances": [
        {
          "schema_version": 0,
          "attributes": {
            "access_key": "YCAJEiYMjdW8dCdnK8LT7VsF8",
            "created_at": "2024-04-11T23:53:02Z",
            "description": "static access key for object storage",
            "encrypted_secret_key": null,
            "id": "ajev880av6en72kveb6j",
            "key_fingerprint": null,
            "pgp_key": null,
            "secret_key": "YCMRaUO-oA9YXoJsEhAWQBNrw0smF1VQPtVnCLvK",
            "service_account_id": "ajefpo3d6jt2kq11d0as"
          },
          "sensitive_attributes": [],
          "private": "bnVsbA==",
          "dependencies": [
            "yandex_iam_service_account.sa"
          ]
        }
      ]
    },
    {
      "mode": "managed",
      "type": "yandex_resourcemanager_folder_iam_member",
      "name": "sa-editor",
      "provider": "provider[\"registry.terraform.io/yandex-cloud/yandex\"]",
      "instances": [
        {
          "schema_version": 0,
          "attributes": {
            "folder_id": "b1g8kbqq92bvsk3h7i1u",
            "id": "b1g8kbqq92bvsk3h7i1u/storage.admin/serviceAccount:ajefpo3d6jt2kq11d0as",
            "member": "serviceAccount:ajefpo3d6jt2kq11d0as",
            "role": "storage.admin",
            "sleep_after": null,
            "timeouts": null
          },
          "sensitive_attributes": [],
          "private": "eyJlMmJmYjczMC1lY2FhLTExZTYtOGY4OC0zNDM2M2JjN2M0YzAiOnsiY3JlYXRlIjo2MDAwMDAwMDAwMCwiZGVmYXVsdCI6NjAwMDAwMDAwMDAsImRlbGV0ZSI6NjAwMDAwMDAwMDAsInJlYWQiOjYwMDAwMDAwMDAwLCJ1cGRhdGUiOjYwMDAwMDAwMDAwfX0=",
          "dependencies": [
            "yandex_iam_service_account.sa"
          ]
        }
      ]
    },
    {
      "mode": "managed",
      "type": "yandex_storage_bucket",
      "name": "test",
      "provider": "provider[\"registry.terraform.io/yandex-cloud/yandex\"]",
      "instances": [
        {
          "schema_version": 1,
          "attributes": {
            "access_key": "YCAJEiYMjdW8dCdnK8LT7VsF8",
            "acl": "public-read",
            "anonymous_access_flags": [
              {
                "config_read": true,
                "list": true,
                "read": true
              }
            ],
            "bucket": "tf-test-bucket-from-ilya",
            "bucket_domain_name": "tf-test-bucket-from-ilya.storage.yandexcloud.net",
            "bucket_prefix": null,
            "cors_rule": [],
            "default_storage_class": "STANDARD",
            "folder_id": "b1g8kbqq92bvsk3h7i1u",
            "force_destroy": false,
            "grant": [],
            "https": [],
            "id": "tf-test-bucket-from-ilya",
            "lifecycle_rule": [],
            "logging": [],
            "max_size": 0,
            "object_lock_configuration": [],
            "policy": "",
            "secret_key": "YCMRaUO-oA9YXoJsEhAWQBNrw0smF1VQPtVnCLvK",
            "server_side_encryption_configuration": [],
            "tags": {},
            "versioning": [
              {
                "enabled": false
              }
            ],
            "website": [
              {
                "error_document": "",
                "index_document": "index.html",
                "redirect_all_requests_to": "",
                "routing_rules": ""
              }
            ],
            "website_domain": "website.yandexcloud.net",
            "website_endpoint": "tf-test-bucket-from-ilya.website.yandexcloud.net"
          },
          "sensitive_attributes": [
            [
              {
                "type": "get_attr",
                "value": "secret_key"
              }
            ]
          ],
          "private": "eyJzY2hlbWFfdmVyc2lvbiI6IjEifQ==",
          "dependencies": [
            "yandex_iam_service_account.sa",
            "yandex_iam_service_account_static_access_key.sa-static-key"
          ]
        }
      ]
    },
    {
      "mode": "managed",
      "type": "yandex_storage_object",
      "name": "index",
      "provider": "provider[\"registry.terraform.io/yandex-cloud/yandex\"]",
      "instances": [
        {
          "schema_version": 0,
          "attributes": {
            "access_key": "YCAJEiYMjdW8dCdnK8LT7VsF8",
            "acl": "public-read",
            "bucket": "tf-test-bucket-from-ilya",
            "content": null,
            "content_base64": "PCFET0NUWVBFIGh0bWw+CjxodG1sIGxhbmc9InJ1Ij4KPGhlYWQ+CiAgICA8bWV0YSBjaGFyc2V0PSJVVEYtOCI+CiAgICA8dGl0bGU+0JrRg9GA0LHQsNGC0L7QsiDQmNC70YzRjzwvdGl0bGU+CiAgICA8bGluayByZWw9InN0eWxlc2hlZXQiIGhyZWY9InN0eWxlcy5jc3MiPgo8L2hlYWQ+Cjxib2R5Pgo8ZGl2IGNsYXNzPSJjb250YWluZXIiPgogICAgPGhlYWRlcj4KICAgICAgICA8aDE+0JrRg9GA0LHQsNGC0L7QsiDQmNC70YzRjzwvaDE+CiAgICAgICAgPGgyPkRldk9wcyDQuNC90LbQtdC90LXRgDwvaDI+CiAgICA8L2hlYWRlcj4KICAgIDxzZWN0aW9uPgogICAgICAgIDxoMz7QntCx0L4g0LzQvdC1PC9oMz4KICAgICAgICA8cD7QryDQt9Cw0L3QuNC80LDRjtGB0Ywg0LDQstGC0L7QvNCw0YLQuNC30LDRhtC40LXQuSDQv9GA0L7RhtC10YHRgdC+0LIg0YDQsNC30YDQsNCx0L7RgtC60Lgg0Lgg0Y3QutGB0L/Qu9GD0LDRgtCw0YbQuNC4INC/0YDQvtCz0YDQsNC80LzQvdC+0LPQviDQvtCx0LXRgdC/0LXRh9C10L3QuNGPLiDQmNC80LXRjiDQvtC/0YvRgiDRgNCw0LHQvtGC0Ysg0YEg0YDQsNC30LvQuNGH0L3Ri9C80Lgg0LjQvdGB0YLRgNGD0LzQtdC90YLQsNC80Lgg0Lgg0YLQtdGF0L3QvtC70L7Qs9C40Y/QvNC4LCDRgtCw0LrQuNC80Lgg0LrQsNC6IERvY2tlciwgS3ViZXJuZXRlcywgQW5zaWJsZSwgVGVycmFmb3JtINC4INC00YDRg9Cz0LjQvNC4LjwvcD4KICAgICAgICA8aDM+0J/RgNC+0YTQtdGB0YHQuNC+0L3QsNC70YzQvdGL0Lkg0L7Qv9GL0YI8L2gzPgogICAgICAgIDx1bD4KICAgICAgICAgICAgPGxpPjIwMTjigJPQvdCw0YHRgtC+0Y/RidC10LUg0LLRgNC10LzRjyDigJQgRGV2T3BzINC40L3QttC10L3QtdGAINCyINC60L7QvNC/0LDQvdC40LggwqvQoNC+0LPQsCDQuCDQutC+0L/Ri9GC0LDCuzwvbGk+CiAgICAgICAgICAgIDxsaT4yMDE24oCTMjAxOCDigJQg0KHQuNGB0YLQtdC80L3Ri9C5INCw0LTQvNC40L3QuNGB0YLRgNCw0YLQvtGAINCyINC60L7QvNC/0LDQvdC40LggwqvQmtC+0L/Ri9GC0LAg0Lgg0YDQvtCz0LDCuzwvbGk+CiAgICAgICAgPC91bD4KICAgICAgICA8aDM+0J7QsdGA0LDQt9C+0LLQsNC90LjQtTwvaDM+CiAgICAgICAgPHVsPgogICAgICAgICAgICA8bGk+MjAxNOKAkzIwMTYg4oCUINCc0L7RgdC60L7QstGB0LrQuNC5INCz0L7RgdGD0LTQsNGA0YHRgtCy0LXQvdC90YvQuSDRg9C90LjQstC10YDRgdC40YLQtdGCINC40LwuINCcLiDQki4g0JvQvtC80L7QvdC+0YHQvtCy0LAsINGE0LDQutGD0LvRjNGC0LXRgiDQstGL0YfQuNGB0LvQuNGC0LXQu9GM0L3QvtC5INC80LDRgtC10LzQsNGC0LjQutC4INC4INC60LjQsdC10YDQvdC10YLQuNC60Lg8L2xpPgogICAgICAgICAgICA8bGk+MjAxMOKAkzIwMTQg4oCUINCh0YDQtdC00L3Rj9GPINC+0LHRidC10L7QsdGA0LDQt9C+0LLQsNGC0LXQu9GM0L3QsNGPINGI0LrQvtC70LAg4oSWIDEyMzQ8L2xpPgogICAgICAgIDwvdWw+CiAgICAgICAgPGgzPtCa0L7QvdGC0LDQutGC0Ys8L2gzPgogICAgICAgIDxwPtCi0LXQu9C10YTQvtC9OiArNyAoOTE2KSAxMjMtNDUtNjc8YnI+CiAgICAgICAgICAgINCt0LvQtdC60YLRgNC+0L3QvdCw0Y8g0L/QvtGH0YLQsDogPEVNQUlMPjxicj4KICAgICAgICAgICAgICAgINCQ0LTRgNC10YE6INCzLiDQnNC+0YHQutCy0LAsINGD0LsuINCb0LXQvdC40L3QsCwg0LQuIDEsINC60LIuIDEwMDwvcD4KICAgIDwvc2VjdGlvbj4KPC9kaXY+CjwvYm9keT4KPC9odG1sPg==",
            "content_type": "text/html",
            "id": "index.html",
            "key": "index.html",
            "object_lock_legal_hold_status": null,
            "object_lock_mode": null,
            "object_lock_retain_until_date": null,
            "secret_key": "YCMRaUO-oA9YXoJsEhAWQBNrw0smF1VQPtVnCLvK",
            "source": "",
            "source_hash": null,
            "tags": {
              "test": "value"
            }
          },
          "sensitive_attributes": [
            [
              {
                "type": "get_attr",
                "value": "secret_key"
              }
            ]
          ],
          "private": "bnVsbA==",
          "dependencies": [
            "yandex_iam_service_account.sa",
            "yandex_iam_service_account_static_access_key.sa-static-key",
            "yandex_storage_bucket.test"
          ]
        }
      ]
    },
    {
      "mode": "managed",
      "type": "yandex_storage_object",
      "name": "styles",
      "provider": "provider[\"registry.terraform.io/yandex-cloud/yandex\"]",
      "instances": [
        {
          "index_key": "styles.css",
          "schema_version": 0,
          "attributes": {
            "access_key": "YCAJEiYMjdW8dCdnK8LT7VsF8",
            "acl": "public-read",
            "bucket": "tf-test-bucket-from-ilya",
            "content": null,
            "content_base64": null,
            "content_type": "application/octet-stream",
            "id": "styles.css",
            "key": "styles.css",
            "object_lock_legal_hold_status": null,
            "object_lock_mode": null,
            "object_lock_retain_until_date": null,
            "secret_key": "YCMRaUO-oA9YXoJsEhAWQBNrw0smF1VQPtVnCLvK",
            "source": "site/styles.css",
            "source_hash": null,
            "tags": {
              "test": "value"
            }
          },
          "sensitive_attributes": [
            [
              {
                "type": "get_attr",
                "value": "secret_key"
              }
            ]
          ],
          "private": "bnVsbA==",
          "dependencies": [
            "yandex_iam_service_account.sa",
            "yandex_iam_service_account_static_access_key.sa-static-key",
            "yandex_storage_bucket.test"
          ]
        }
      ]
    }
  ],
  "check_results": null
}
